{
  "name": "nuxt-coffee",
  "version": "0.1.0",
  "lockfileVersion": 1,
  "dependencies": {
    "coffeescript": {
      "version": "2.0.0-beta3",
      "resolved": "https://registry.npmjs.org/coffeescript/-/coffeescript-2.0.0-beta3.tgz",
      "integrity": "sha512-LSW43qI8FM3SEkPF355VRZ94a9BGUb/P7TnCh2MJPp27Wg55JSXY9Cv7gmsNIVtvz24fhMBqiK8XyRlS9iWFhA=="
    }
  }
}
